// !$*UTF8*$!
{
	archiveVersion = 1;
	classes = {
	};
	objectVersion = 70;
	objects = {

/* Begin PBXBuildFile section */
		06A0FF1355AE27CB453B950A /* UIClass+Extensions.swift in Sources */ = {isa = PBXBuildFile; fileRef = D68525F3624C8F287FE8395F /* UIClass+Extensions.swift */; };
		09F747A3BD07781BB923276A /* CoreDataStack.swift in Sources */ = {isa = PBXBuildFile; fileRef = 7226F1B46B9C4C9FF309E3EF /* CoreDataStack.swift */; };
		11A181C3899B827AFD472BC6 /* DebtRepositoryProtocol.swift in Sources */ = {isa = PBXBuildFile; fileRef = 232C033B9138CB3FFA525F6D /* DebtRepositoryProtocol.swift */; };
		191AAE305BB8CF706C4FA602 /* DebtDetailsViewController.swift in Sources */ = {isa = PBXBuildFile; fileRef = 772A04E973B27F78FD1415CD /* DebtDetailsViewController.swift */; };
		1BFA0AC1F9A2EB8A1AE669C0 /* CoordinatorProtocol.swift in Sources */ = {isa = PBXBuildFile; fileRef = CAC4622E252D445247C57721 /* CoordinatorProtocol.swift */; };
		20223D6A10F53233B009963F /* DebtDetailsViewModel.swift in Sources */ = {isa = PBXBuildFile; fileRef = 2E9EE2807BD02CA4B7D8A324 /* DebtDetailsViewModel.swift */; };
		220E64C2F51122A3A9034B2D /* SnapKit in Frameworks */ = {isa = PBXBuildFile; productRef = 41EDA1306996B48A46F4E708 /* SnapKit */; };
		26B9F1C1CD6F45778C935D6F /* MainCoordinator.swift in Sources */ = {isa = PBXBuildFile; fileRef = 9E06B4DD5BB1A4C0EA99722B /* MainCoordinator.swift */; };
		2B1FD3A47AA7D2F68E4B2600 /* AddDebtViewController.swift in Sources */ = {isa = PBXBuildFile; fileRef = 7AA76265EF83B91B9ABD9BD2 /* AddDebtViewController.swift */; };
		2DD034935D69C27F2F06B187 /* StorageService.swift in Sources */ = {isa = PBXBuildFile; fileRef = 00128B49FFA2D986A612A72C /* StorageService.swift */; };
		3579D895E5F397E706969E27 /* DebtRepository.swift in Sources */ = {isa = PBXBuildFile; fileRef = BE8D32994D3E11EAF61C1294 /* DebtRepository.swift */; };
		37376EE28A22B80F996F22A5 /* UserDefaultsManager.swift in Sources */ = {isa = PBXBuildFile; fileRef = C60E4351A48F27D2A27FACEA /* UserDefaultsManager.swift */; };
		37896BFD86B743E1776508D6 /* AppDelegate.swift in Sources */ = {isa = PBXBuildFile; fileRef = 5FEA8A67C073D4E562B93C46 /* AppDelegate.swift */; };
		38239F3D60CB3F70825B65B5 /* DIContainer.swift in Sources */ = {isa = PBXBuildFile; fileRef = 2E377DDB024C15BC179307D6 /* DIContainer.swift */; };
		3A3FE69E414D63A1A3802A1B /* DebtDetailsCoordinator.swift in Sources */ = {isa = PBXBuildFile; fileRef = 14EC42CBCF7E77F645AD3803 /* DebtDetailsCoordinator.swift */; };
		4C4ACE1FDFC4630C0F50F2F6 /* MainViewController.swift in Sources */ = {isa = PBXBuildFile; fileRef = DE70F5F84F0BD59A686BB354 /* MainViewController.swift */; };
		5C3728BB87351973E6D808A1 /* AddDebtViewModel.swift in Sources */ = {isa = PBXBuildFile; fileRef = FDB3FFD1069A69D552EA6A21 /* AddDebtViewModel.swift */; };
		769C175F41E352192CB23234 /* DIContainerProtocol.swift in Sources */ = {isa = PBXBuildFile; fileRef = EBAD4E2612D8AD8862693EED /* DIContainerProtocol.swift */; };
		800EEA184AD77CF964AFFC40 /* UIKit+Extensions.swift in Sources */ = {isa = PBXBuildFile; fileRef = 806A4468515926A251347AA2 /* UIKit+Extensions.swift */; };
		8F24C81B2D94222000AB7EC0 /* HomeViewModel.swift in Sources */ = {isa = PBXBuildFile; fileRef = 8F24C81A2D94222000AB7EC0 /* HomeViewModel.swift */; };
		8F24C81D2D94222600AB7EC0 /* HomeCoordinator.swift in Sources */ = {isa = PBXBuildFile; fileRef = 8F24C81C2D94222600AB7EC0 /* HomeCoordinator.swift */; };
		8F24C8242D9435D200AB7EC0 /* HomeViewController.swift in Sources */ = {isa = PBXBuildFile; fileRef = 8F24C8232D9435D200AB7EC0 /* HomeViewController.swift */; };
		8F24C8262D9435D200AB7EC0 /* MainViewControllerFactory.swift in Sources */ = {isa = PBXBuildFile; fileRef = 8F24C8252D9435D200AB7EC0 /* MainViewControllerFactory.swift */; };
		8F24C8282D94365D00AB7EC0 /* UIColor+Extensions.swift in Sources */ = {isa = PBXBuildFile; fileRef = 8F24C8272D94365D00AB7EC0 /* UIColor+Extensions.swift */; };
		8F24C82E2D943B1000AB7EC0 /* LocalizedKey.swift in Sources */ = {isa = PBXBuildFile; fileRef = 8F24C82D2D943B1000AB7EC0 /* LocalizedKey.swift */; };
		8F24C8302D943CB200AB7EC0 /* Localizable.xcstrings in Resources */ = {isa = PBXBuildFile; fileRef = 8F24C82F2D943CB200AB7EC0 /* Localizable.xcstrings */; };
		8F24C83B2D945D5E00AB7EC0 /* CustomTabBar.swift in Sources */ = {isa = PBXBuildFile; fileRef = 8F24C83A2D945D5E00AB7EC0 /* CustomTabBar.swift */; };
		8F24C83D2D945D7A00AB7EC0 /* Tab.swift in Sources */ = {isa = PBXBuildFile; fileRef = 8F24C83C2D945D7A00AB7EC0 /* Tab.swift */; };
		B12E2943D7757B746AEF4A5A /* DebtUseCase.swift in Sources */ = {isa = PBXBuildFile; fileRef = 491F7766550E4917A980A8C5 /* DebtUseCase.swift */; };
		C5C6688749B73A1C0A181234 /* AppCoordinator.swift in Sources */ = {isa = PBXBuildFile; fileRef = E0C5E699C945770908B7718C /* AppCoordinator.swift */; };
		C60BCE75DC88346466D6DA4A /* ReusableView.swift in Sources */ = {isa = PBXBuildFile; fileRef = 442D54BE85459D75F5A31A5A /* ReusableView.swift */; };
		D6A8208C77CE03FE92A391B0 /* Debt.swift in Sources */ = {isa = PBXBuildFile; fileRef = F144666C58DBAFA2CE574E5D /* Debt.swift */; };
		DCB95428F1A0B3948F222C3A /* LaunchScreen.storyboard in Resources */ = {isa = PBXBuildFile; fileRef = 00E66FAD34BBDCE4989462A5 /* LaunchScreen.storyboard */; };
		E1A9520FF8B40C1A8EE06DF1 /* AddDebtCoordinator.swift in Sources */ = {isa = PBXBuildFile; fileRef = 79A5E59568F71E9AB6E19C95 /* AddDebtCoordinator.swift */; };
		E51B1705F631B7298874B3D6 /* Assets.xcassets in Resources */ = {isa = PBXBuildFile; fileRef = B743675550640B2E814C1917 /* Assets.xcassets */; };
		E7F5906EE01851F539BA1C4F /* SceneDelegate.swift in Sources */ = {isa = PBXBuildFile; fileRef = 15925311908E8645F24F712F /* SceneDelegate.swift */; };
		EC09ED8EC5F48E94B6406CBB /* MainViewModel.swift in Sources */ = {isa = PBXBuildFile; fileRef = 10CB12BC6216AFB7C01318AE /* MainViewModel.swift */; };
/* End PBXBuildFile section */

/* Begin PBXFileReference section */
		00128B49FFA2D986A612A72C /* StorageService.swift */ = {isa = PBXFileReference; lastKnownFileType = sourcecode.swift; path = StorageService.swift; sourceTree = "<group>"; };
		10CB12BC6216AFB7C01318AE /* MainViewModel.swift */ = {isa = PBXFileReference; lastKnownFileType = sourcecode.swift; path = MainViewModel.swift; sourceTree = "<group>"; };
		14EC42CBCF7E77F645AD3803 /* DebtDetailsCoordinator.swift */ = {isa = PBXFileReference; lastKnownFileType = sourcecode.swift; path = DebtDetailsCoordinator.swift; sourceTree = "<group>"; };
		15925311908E8645F24F712F /* SceneDelegate.swift */ = {isa = PBXFileReference; lastKnownFileType = sourcecode.swift; path = SceneDelegate.swift; sourceTree = "<group>"; };
		232C033B9138CB3FFA525F6D /* DebtRepositoryProtocol.swift */ = {isa = PBXFileReference; lastKnownFileType = sourcecode.swift; path = DebtRepositoryProtocol.swift; sourceTree = "<group>"; };
		2E377DDB024C15BC179307D6 /* DIContainer.swift */ = {isa = PBXFileReference; lastKnownFileType = sourcecode.swift; path = DIContainer.swift; sourceTree = "<group>"; };
		2E9EE2807BD02CA4B7D8A324 /* DebtDetailsViewModel.swift */ = {isa = PBXFileReference; lastKnownFileType = sourcecode.swift; path = DebtDetailsViewModel.swift; sourceTree = "<group>"; };
		442D54BE85459D75F5A31A5A /* ReusableView.swift */ = {isa = PBXFileReference; lastKnownFileType = sourcecode.swift; path = ReusableView.swift; sourceTree = "<group>"; };
		491F7766550E4917A980A8C5 /* DebtUseCase.swift */ = {isa = PBXFileReference; lastKnownFileType = sourcecode.swift; path = DebtUseCase.swift; sourceTree = "<group>"; };
		57E9D19116F0B145F2963191 /* Base */ = {isa = PBXFileReference; lastKnownFileType = file.storyboard; name = Base; path = Base.lproj/LaunchScreen.storyboard; sourceTree = "<group>"; };
		5DDD07B9379F318418E114AC /* DebtTracker.app */ = {isa = PBXFileReference; explicitFileType = wrapper.application; includeInIndex = 0; path = DebtTracker.app; sourceTree = BUILT_PRODUCTS_DIR; };
		5FEA8A67C073D4E562B93C46 /* AppDelegate.swift */ = {isa = PBXFileReference; lastKnownFileType = sourcecode.swift; path = AppDelegate.swift; sourceTree = "<group>"; };
		7226F1B46B9C4C9FF309E3EF /* CoreDataStack.swift */ = {isa = PBXFileReference; lastKnownFileType = sourcecode.swift; path = CoreDataStack.swift; sourceTree = "<group>"; };
		772A04E973B27F78FD1415CD /* DebtDetailsViewController.swift */ = {isa = PBXFileReference; lastKnownFileType = sourcecode.swift; path = DebtDetailsViewController.swift; sourceTree = "<group>"; };
		79A5E59568F71E9AB6E19C95 /* AddDebtCoordinator.swift */ = {isa = PBXFileReference; lastKnownFileType = sourcecode.swift; path = AddDebtCoordinator.swift; sourceTree = "<group>"; };
		7AA76265EF83B91B9ABD9BD2 /* AddDebtViewController.swift */ = {isa = PBXFileReference; lastKnownFileType = sourcecode.swift; path = AddDebtViewController.swift; sourceTree = "<group>"; };
		806A4468515926A251347AA2 /* UIKit+Extensions.swift */ = {isa = PBXFileReference; lastKnownFileType = sourcecode.swift; path = "UIKit+Extensions.swift"; sourceTree = "<group>"; };
		8F24C81A2D94222000AB7EC0 /* HomeViewModel.swift */ = {isa = PBXFileReference; lastKnownFileType = sourcecode.swift; path = HomeViewModel.swift; sourceTree = "<group>"; };
		8F24C81C2D94222600AB7EC0 /* HomeCoordinator.swift */ = {isa = PBXFileReference; lastKnownFileType = sourcecode.swift; path = HomeCoordinator.swift; sourceTree = "<group>"; };
		8F24C8232D9435D200AB7EC0 /* HomeViewController.swift */ = {isa = PBXFileReference; lastKnownFileType = sourcecode.swift; path = HomeViewController.swift; sourceTree = "<group>"; };
		8F24C8252D9435D200AB7EC0 /* MainViewControllerFactory.swift */ = {isa = PBXFileReference; lastKnownFileType = sourcecode.swift; path = MainViewControllerFactory.swift; sourceTree = "<group>"; };
		8F24C8272D94365D00AB7EC0 /* UIColor+Extensions.swift */ = {isa = PBXFileReference; lastKnownFileType = sourcecode.swift; path = "UIColor+Extensions.swift"; sourceTree = "<group>"; };
		8F24C82D2D943B1000AB7EC0 /* LocalizedKey.swift */ = {isa = PBXFileReference; lastKnownFileType = sourcecode.swift; path = LocalizedKey.swift; sourceTree = "<group>"; };
		8F24C82F2D943CB200AB7EC0 /* Localizable.xcstrings */ = {isa = PBXFileReference; lastKnownFileType = text.json.xcstrings; path = Localizable.xcstrings; sourceTree = "<group>"; };
		8F24C83A2D945D5E00AB7EC0 /* CustomTabBar.swift */ = {isa = PBXFileReference; lastKnownFileType = sourcecode.swift; path = CustomTabBar.swift; sourceTree = "<group>"; };
		8F24C83C2D945D7A00AB7EC0 /* Tab.swift */ = {isa = PBXFileReference; lastKnownFileType = sourcecode.swift; path = Tab.swift; sourceTree = "<group>"; };
		9AF733A0FC0CD8ADFF853AEF /* Info.plist */ = {isa = PBXFileReference; lastKnownFileType = text.plist; path = Info.plist; sourceTree = "<group>"; };
		9E06B4DD5BB1A4C0EA99722B /* MainCoordinator.swift */ = {isa = PBXFileReference; lastKnownFileType = sourcecode.swift; path = MainCoordinator.swift; sourceTree = "<group>"; };
		B743675550640B2E814C1917 /* Assets.xcassets */ = {isa = PBXFileReference; lastKnownFileType = folder.assetcatalog; path = Assets.xcassets; sourceTree = "<group>"; };
		BE8D32994D3E11EAF61C1294 /* DebtRepository.swift */ = {isa = PBXFileReference; lastKnownFileType = sourcecode.swift; path = DebtRepository.swift; sourceTree = "<group>"; };
		C60E4351A48F27D2A27FACEA /* UserDefaultsManager.swift */ = {isa = PBXFileReference; lastKnownFileType = sourcecode.swift; path = UserDefaultsManager.swift; sourceTree = "<group>"; };
		CAC4622E252D445247C57721 /* CoordinatorProtocol.swift */ = {isa = PBXFileReference; lastKnownFileType = sourcecode.swift; path = CoordinatorProtocol.swift; sourceTree = "<group>"; };
		D68525F3624C8F287FE8395F /* UIClass+Extensions.swift */ = {isa = PBXFileReference; lastKnownFileType = sourcecode.swift; path = "UIClass+Extensions.swift"; sourceTree = "<group>"; };
		DE70F5F84F0BD59A686BB354 /* MainViewController.swift */ = {isa = PBXFileReference; lastKnownFileType = sourcecode.swift; path = MainViewController.swift; sourceTree = "<group>"; };
		E0C5E699C945770908B7718C /* AppCoordinator.swift */ = {isa = PBXFileReference; lastKnownFileType = sourcecode.swift; path = AppCoordinator.swift; sourceTree = "<group>"; };
		EBAD4E2612D8AD8862693EED /* DIContainerProtocol.swift */ = {isa = PBXFileReference; lastKnownFileType = sourcecode.swift; path = DIContainerProtocol.swift; sourceTree = "<group>"; };
		F144666C58DBAFA2CE574E5D /* Debt.swift */ = {isa = PBXFileReference; lastKnownFileType = sourcecode.swift; path = Debt.swift; sourceTree = "<group>"; };
		FDB3FFD1069A69D552EA6A21 /* AddDebtViewModel.swift */ = {isa = PBXFileReference; lastKnownFileType = sourcecode.swift; path = AddDebtViewModel.swift; sourceTree = "<group>"; };
/* End PBXFileReference section */

/* Begin PBXFileSystemSynchronizedRootGroup section */
		72DA35E92D95706F003CC850 /* Calculator */ = {isa = PBXFileSystemSynchronizedRootGroup; explicitFileTypes = {}; explicitFolders = (); path = Calculator; sourceTree = "<group>"; };
/* End PBXFileSystemSynchronizedRootGroup section */

/* Begin PBXFrameworksBuildPhase section */
		515B72097918EEDA166E577E /* Frameworks */ = {
			isa = PBXFrameworksBuildPhase;
			buildActionMask = 2147483647;
			files = (
				220E64C2F51122A3A9034B2D /* SnapKit in Frameworks */,
			);
			runOnlyForDeploymentPostprocessing = 0;
		};
/* End PBXFrameworksBuildPhase section */

/* Begin PBXGroup section */
		092DA8765642E53FF298274D /* Extensions */ = {
			isa = PBXGroup;
			children = (
				D68525F3624C8F287FE8395F /* UIClass+Extensions.swift */,
			);
			path = Extensions;
			sourceTree = "<group>";
		};
		0F0E91B81992EBE93D494AD3 /* Coordinator */ = {
			isa = PBXGroup;
			children = (
				14EC42CBCF7E77F645AD3803 /* DebtDetailsCoordinator.swift */,
			);
			path = Coordinator;
			sourceTree = "<group>";
		};
		1A3CAB58B21CD11193CFD649 /* Views */ = {
			isa = PBXGroup;
			children = (
				772A04E973B27F78FD1415CD /* DebtDetailsViewController.swift */,
			);
			path = Views;
			sourceTree = "<group>";
		};
		1AD952031B4E6251AC3AEB66 /* UserDefaults */ = {
			isa = PBXGroup;
			children = (
				C60E4351A48F27D2A27FACEA /* UserDefaultsManager.swift */,
			);
			path = UserDefaults;
			sourceTree = "<group>";
		};
		1DD242313E5FF0CB8DD01611 /* Services */ = {
			isa = PBXGroup;
			children = (
				00128B49FFA2D986A612A72C /* StorageService.swift */,
			);
			path = Services;
			sourceTree = "<group>";
		};
		21956B316ABA11BAF7DF7B36 /* Common */ = {
			isa = PBXGroup;
			children = (
				092DA8765642E53FF298274D /* Extensions */,
				CBED3F3724F617FDAA09998B /* Resources */,
				E1E904928C67901931348936 /* Views */,
			);
			path = Common;
			sourceTree = "<group>";
		};
		3D2EE8B84BF33902DA10ED30 /* Repositories */ = {
			isa = PBXGroup;
			children = (
				BE8D32994D3E11EAF61C1294 /* DebtRepository.swift */,
			);
			path = Repositories;
			sourceTree = "<group>";
		};
		400CA00A0860710849BA9FA1 /* Coordinator */ = {
			isa = PBXGroup;
			children = (
				79A5E59568F71E9AB6E19C95 /* AddDebtCoordinator.swift */,
			);
			path = Coordinator;
			sourceTree = "<group>";
		};
		44405A29F770EEFCC9CE56BD /* AddDebt */ = {
			isa = PBXGroup;
			children = (
				400CA00A0860710849BA9FA1 /* Coordinator */,
				8F868D638BC745B4B4AB17FD /* ViewModels */,
				D729A24667576BB21EBA4F00 /* Views */,
			);
			path = AddDebt;
			sourceTree = "<group>";
		};
		4F43DECEECCF3AE7A6081361 /* Products */ = {
			isa = PBXGroup;
			children = (
				5DDD07B9379F318418E114AC /* DebtTracker.app */,
			);
			name = Products;
			sourceTree = "<group>";
		};
		522A474870FC5FDA1996682D /* App */ = {
			isa = PBXGroup;
			children = (
				E0C5E699C945770908B7718C /* AppCoordinator.swift */,
				5FEA8A67C073D4E562B93C46 /* AppDelegate.swift */,
				2E377DDB024C15BC179307D6 /* DIContainer.swift */,
				15925311908E8645F24F712F /* SceneDelegate.swift */,
			);
			path = App;
			sourceTree = "<group>";
		};
		54D601B6D331132BFF62C9AF /* DI */ = {
			isa = PBXGroup;
			children = (
				EBAD4E2612D8AD8862693EED /* DIContainerProtocol.swift */,
			);
			path = DI;
			sourceTree = "<group>";
		};
		6076360E51A4D0D8C62DDA30 /* Domain */ = {
			isa = PBXGroup;
			children = (
				DEF16D8408E5E3389E8CE437 /* Entities */,
				CDB5B87E338229941CF4B3CA /* Repositories */,
				6B7D8AB0574630A14E78D305 /* UseCases */,
			);
			path = Domain;
			sourceTree = "<group>";
		};
		6985A21306A10B37E7045547 /* Coordinator */ = {
			isa = PBXGroup;
			children = (
				CAC4622E252D445247C57721 /* CoordinatorProtocol.swift */,
			);
			path = Coordinator;
			sourceTree = "<group>";
		};
		6B7D8AB0574630A14E78D305 /* UseCases */ = {
			isa = PBXGroup;
			children = (
				491F7766550E4917A980A8C5 /* DebtUseCase.swift */,
			);
			path = UseCases;
			sourceTree = "<group>";
		};
		6EAD4E422E10A0E58EA4FF53 /* CoreData */ = {
			isa = PBXGroup;
			children = (
				7226F1B46B9C4C9FF309E3EF /* CoreDataStack.swift */,
			);
			path = CoreData;
			sourceTree = "<group>";
		};
		72CD2D232D9589F700313D2D /* Models */ = {
			isa = PBXGroup;
			children = (
				72CD2D272D958A1100313D2D /* PaymentModel */,
				72CD2D262D958A0C00313D2D /* CreditModel */,
			);
			path = Models;
			sourceTree = "<group>";
		};
		72CD2D262D958A0C00313D2D /* CreditModel */ = {
			isa = PBXGroup;
			children = (
			);
			path = CreditModel;
			sourceTree = "<group>";
		};
		72CD2D272D958A1100313D2D /* PaymentModel */ = {
			isa = PBXGroup;
			children = (
			);
			path = PaymentModel;
			sourceTree = "<group>";
		};
		79BFA373298F4D8431870EBE /* DebtDetails */ = {
			isa = PBXGroup;
			children = (
				0F0E91B81992EBE93D494AD3 /* Coordinator */,
				D7A9DD3E2E8E9DD9E42C906C /* ViewModels */,
				1A3CAB58B21CD11193CFD649 /* Views */,
			);
			path = DebtDetails;
			sourceTree = "<group>";
		};
		7B6CC45810AC92AE917E8E2B /* Core */ = {
			isa = PBXGroup;
			children = (
				6985A21306A10B37E7045547 /* Coordinator */,
				54D601B6D331132BFF62C9AF /* DI */,
				A7800207349FF129874533D1 /* Extensions */,
			);
			path = Core;
			sourceTree = "<group>";
		};
		84CD8A01DA7CE8275242D443 /* Flows */ = {
			isa = PBXGroup;
			children = (
				72DA35E92D95706F003CC850 /* Calculator */,
				8F24C8142D9421F700AB7EC0 /* Home */,
				44405A29F770EEFCC9CE56BD /* AddDebt */,
				79BFA373298F4D8431870EBE /* DebtDetails */,
				EA762A806DCECA8B11991A4D /* Main */,
			);
			path = Flows;
			sourceTree = "<group>";
		};
		89DD192F9C487BFB0821968B /* Presentation */ = {
			isa = PBXGroup;
			children = (
				21956B316ABA11BAF7DF7B36 /* Common */,
				84CD8A01DA7CE8275242D443 /* Flows */,
			);
			path = Presentation;
			sourceTree = "<group>";
		};
		8AD4A7A8B0B3F6768CCE7658 /* Data */ = {
			isa = PBXGroup;
			children = (
				72CD2D232D9589F700313D2D /* Models */,
				3D2EE8B84BF33902DA10ED30 /* Repositories */,
				1DD242313E5FF0CB8DD01611 /* Services */,
				C8302AA462C75778B5A76C84 /* Storage */,
			);
			path = Data;
			sourceTree = "<group>";
		};
		8F24C8142D9421F700AB7EC0 /* Home */ = {
			isa = PBXGroup;
			children = (
				8F24C82B2D943AE400AB7EC0 /* Views */,
				8F24C8162D94220300AB7EC0 /* ViewModels */,
				8F24C8152D9421FF00AB7EC0 /* Coordinator */,
			);
			path = Home;
			sourceTree = "<group>";
		};
		8F24C8152D9421FF00AB7EC0 /* Coordinator */ = {
			isa = PBXGroup;
			children = (
				8F24C81C2D94222600AB7EC0 /* HomeCoordinator.swift */,
			);
			path = Coordinator;
			sourceTree = "<group>";
		};
		8F24C8162D94220300AB7EC0 /* ViewModels */ = {
			isa = PBXGroup;
			children = (
				8F24C81A2D94222000AB7EC0 /* HomeViewModel.swift */,
			);
			path = ViewModels;
			sourceTree = "<group>";
		};
		8F24C82B2D943AE400AB7EC0 /* Views */ = {
			isa = PBXGroup;
			children = (
				8F24C8232D9435D200AB7EC0 /* HomeViewController.swift */,
			);
			path = Views;
			sourceTree = "<group>";
		};
		8F24C82C2D943AF100AB7EC0 /* Factory */ = {
			isa = PBXGroup;
			children = (
				8F24C8252D9435D200AB7EC0 /* MainViewControllerFactory.swift */,
			);
			path = Factory;
			sourceTree = "<group>";
		};
		8F868D638BC745B4B4AB17FD /* ViewModels */ = {
			isa = PBXGroup;
			children = (
				FDB3FFD1069A69D552EA6A21 /* AddDebtViewModel.swift */,
			);
			path = ViewModels;
			sourceTree = "<group>";
		};
		99E2479452886BD0FF6E38C4 /* DebtTracker */ = {
			isa = PBXGroup;
			children = (
				522A474870FC5FDA1996682D /* App */,
				7B6CC45810AC92AE917E8E2B /* Core */,
				8AD4A7A8B0B3F6768CCE7658 /* Data */,
				6076360E51A4D0D8C62DDA30 /* Domain */,
				89DD192F9C487BFB0821968B /* Presentation */,
			);
			path = DebtTracker;
			sourceTree = "<group>";
		};
		A7800207349FF129874533D1 /* Extensions */ = {
			isa = PBXGroup;
			children = (
				806A4468515926A251347AA2 /* UIKit+Extensions.swift */,
				8F24C8272D94365D00AB7EC0 /* UIColor+Extensions.swift */,
			);
			path = Extensions;
			sourceTree = "<group>";
		};
		B053505BB93DC61BB9D9C5A2 /* ViewModels */ = {
			isa = PBXGroup;
			children = (
				10CB12BC6216AFB7C01318AE /* MainViewModel.swift */,
			);
			path = ViewModels;
			sourceTree = "<group>";
		};
		C411582166A6B3BE33F746E8 /* Coordinator */ = {
			isa = PBXGroup;
			children = (
				9E06B4DD5BB1A4C0EA99722B /* MainCoordinator.swift */,
			);
			path = Coordinator;
			sourceTree = "<group>";
		};
		C7FA9F3707A537AD348C830C = {
			isa = PBXGroup;
			children = (
				99E2479452886BD0FF6E38C4 /* DebtTracker */,
				4F43DECEECCF3AE7A6081361 /* Products */,
			);
			indentWidth = 4;
			sourceTree = "<group>";
			tabWidth = 4;
			usesTabs = 0;
		};
		C8302AA462C75778B5A76C84 /* Storage */ = {
			isa = PBXGroup;
			children = (
				6EAD4E422E10A0E58EA4FF53 /* CoreData */,
				1AD952031B4E6251AC3AEB66 /* UserDefaults */,
			);
			path = Storage;
			sourceTree = "<group>";
		};
		CBED3F3724F617FDAA09998B /* Resources */ = {
			isa = PBXGroup;
			children = (
				8F24C82D2D943B1000AB7EC0 /* LocalizedKey.swift */,
				B743675550640B2E814C1917 /* Assets.xcassets */,
				9AF733A0FC0CD8ADFF853AEF /* Info.plist */,
				00E66FAD34BBDCE4989462A5 /* LaunchScreen.storyboard */,
				8F24C82F2D943CB200AB7EC0 /* Localizable.xcstrings */,
			);
			path = Resources;
			sourceTree = "<group>";
		};
		CDB5B87E338229941CF4B3CA /* Repositories */ = {
			isa = PBXGroup;
			children = (
				232C033B9138CB3FFA525F6D /* DebtRepositoryProtocol.swift */,
			);
			path = Repositories;
			sourceTree = "<group>";
		};
		D729A24667576BB21EBA4F00 /* Views */ = {
			isa = PBXGroup;
			children = (
				7AA76265EF83B91B9ABD9BD2 /* AddDebtViewController.swift */,
			);
			path = Views;
			sourceTree = "<group>";
		};
		D7A9DD3E2E8E9DD9E42C906C /* ViewModels */ = {
			isa = PBXGroup;
			children = (
				2E9EE2807BD02CA4B7D8A324 /* DebtDetailsViewModel.swift */,
			);
			path = ViewModels;
			sourceTree = "<group>";
		};
		DEF16D8408E5E3389E8CE437 /* Entities */ = {
			isa = PBXGroup;
			children = (
				F144666C58DBAFA2CE574E5D /* Debt.swift */,
				8F24C83C2D945D7A00AB7EC0 /* Tab.swift */,
			);
			path = Entities;
			sourceTree = "<group>";
		};
		E1E904928C67901931348936 /* Views */ = {
			isa = PBXGroup;
			children = (
				442D54BE85459D75F5A31A5A /* ReusableView.swift */,
			);
			path = Views;
			sourceTree = "<group>";
		};
		E881735FF355F1E537D461A9 /* Views */ = {
			isa = PBXGroup;
			children = (
				8F24C83A2D945D5E00AB7EC0 /* CustomTabBar.swift */,
				DE70F5F84F0BD59A686BB354 /* MainViewController.swift */,
			);
			path = Views;
			sourceTree = "<group>";
		};
		EA762A806DCECA8B11991A4D /* Main */ = {
			isa = PBXGroup;
			children = (
				8F24C82C2D943AF100AB7EC0 /* Factory */,
				C411582166A6B3BE33F746E8 /* Coordinator */,
				B053505BB93DC61BB9D9C5A2 /* ViewModels */,
				E881735FF355F1E537D461A9 /* Views */,
			);
			path = Main;
			sourceTree = "<group>";
		};
/* End PBXGroup section */

/* Begin PBXNativeTarget section */
		2A4AF9350DF99EDF0E9A7880 /* DebtTracker */ = {
			isa = PBXNativeTarget;
			buildConfigurationList = 5ECB1FF9C13AD1AA5629A63C /* Build configuration list for PBXNativeTarget "DebtTracker" */;
			buildPhases = (
				18FF605B6590D7C3DC9E4E9F /* Run SwiftFormat */,
				29128345CDECA25D65A57642 /* Run SwiftLint */,
				E73BD8C3F2641A85BEEEC551 /* Sources */,
				628546EFE41D93980473FF35 /* Resources */,
				515B72097918EEDA166E577E /* Frameworks */,
			);
			buildRules = (
			);
			dependencies = (
			);
			fileSystemSynchronizedGroups = (
				72DA35E92D95706F003CC850 /* Calculator */,
			);
			name = DebtTracker;
			packageProductDependencies = (
				41EDA1306996B48A46F4E708 /* SnapKit */,
			);
			productName = DebtTracker;
			productReference = 5DDD07B9379F318418E114AC /* DebtTracker.app */;
			productType = "com.apple.product-type.application";
		};
/* End PBXNativeTarget section */

/* Begin PBXProject section */
		753A841B3674B4A57EDB401A /* Project object */ = {
			isa = PBXProject;
			attributes = {
				BuildIndependentTargetsInParallel = YES;
				LastUpgradeCheck = 1430;
			};
			buildConfigurationList = F264BD93DDB441479E36B331 /* Build configuration list for PBXProject "DebtTracker" */;
			compatibilityVersion = "Xcode 14.0";
			developmentRegion = en;
			hasScannedForEncodings = 0;
			knownRegions = (
				Base,
				en,
				ru,
			);
			mainGroup = C7FA9F3707A537AD348C830C;
			packageReferences = (
				8B153D65F3BB2C3B2E924FFF /* XCRemoteSwiftPackageReference "SnapKit" */,
			);
			projectDirPath = "";
			projectRoot = "";
			targets = (
				2A4AF9350DF99EDF0E9A7880 /* DebtTracker */,
			);
		};
/* End PBXProject section */

/* Begin PBXResourcesBuildPhase section */
		628546EFE41D93980473FF35 /* Resources */ = {
			isa = PBXResourcesBuildPhase;
			buildActionMask = 2147483647;
			files = (
				E51B1705F631B7298874B3D6 /* Assets.xcassets in Resources */,
				DCB95428F1A0B3948F222C3A /* LaunchScreen.storyboard in Resources */,
				8F24C8302D943CB200AB7EC0 /* Localizable.xcstrings in Resources */,
			);
			runOnlyForDeploymentPostprocessing = 0;
		};
/* End PBXResourcesBuildPhase section */

/* Begin PBXShellScriptBuildPhase section */
		18FF605B6590D7C3DC9E4E9F /* Run SwiftFormat */ = {
			isa = PBXShellScriptBuildPhase;
			alwaysOutOfDate = 1;
			buildActionMask = 2147483647;
			files = (
			);
			inputFileListPaths = (
			);
			inputPaths = (
			);
			name = "Run SwiftFormat";
			outputFileListPaths = (
			);
			outputPaths = (
			);
			runOnlyForDeploymentPostprocessing = 0;
			shellPath = /bin/sh;
			shellScript = "export PATH=\"$PATH:/usr/local/bin:/opt/homebrew/bin\"\nif which swiftformat >/dev/null; then\n  swiftformat \"$SRCROOT\"\nelse\n  echo \"error: SwiftFormat not installed. Please run: brew install swiftformat\"\n  exit 1\nfi\n";
		};
		29128345CDECA25D65A57642 /* Run SwiftLint */ = {
			isa = PBXShellScriptBuildPhase;
			alwaysOutOfDate = 1;
			buildActionMask = 2147483647;
			files = (
			);
			inputFileListPaths = (
			);
			inputPaths = (
			);
			name = "Run SwiftLint";
			outputFileListPaths = (
			);
			outputPaths = (
			);
			runOnlyForDeploymentPostprocessing = 0;
			shellPath = /bin/sh;
			shellScript = "export PATH=\"$PATH:/usr/local/bin:/opt/homebrew/bin\"\nif which swiftlint >/dev/null; then\n  swiftlint\nelse\n  echo \"error: SwiftLint not installed. Please run: brew install swiftlint\"\n  exit 1\nfi\n";
		};
/* End PBXShellScriptBuildPhase section */

/* Begin PBXSourcesBuildPhase section */
		E73BD8C3F2641A85BEEEC551 /* Sources */ = {
			isa = PBXSourcesBuildPhase;
			buildActionMask = 2147483647;
			files = (
				E1A9520FF8B40C1A8EE06DF1 /* AddDebtCoordinator.swift in Sources */,
				8F24C8282D94365D00AB7EC0 /* UIColor+Extensions.swift in Sources */,
				8F24C81D2D94222600AB7EC0 /* HomeCoordinator.swift in Sources */,
				2B1FD3A47AA7D2F68E4B2600 /* AddDebtViewController.swift in Sources */,
				5C3728BB87351973E6D808A1 /* AddDebtViewModel.swift in Sources */,
				C5C6688749B73A1C0A181234 /* AppCoordinator.swift in Sources */,
				37896BFD86B743E1776508D6 /* AppDelegate.swift in Sources */,
				8F24C81B2D94222000AB7EC0 /* HomeViewModel.swift in Sources */,
				1BFA0AC1F9A2EB8A1AE669C0 /* CoordinatorProtocol.swift in Sources */,
				09F747A3BD07781BB923276A /* CoreDataStack.swift in Sources */,
				38239F3D60CB3F70825B65B5 /* DIContainer.swift in Sources */,
				769C175F41E352192CB23234 /* DIContainerProtocol.swift in Sources */,
				D6A8208C77CE03FE92A391B0 /* Debt.swift in Sources */,
				3A3FE69E414D63A1A3802A1B /* DebtDetailsCoordinator.swift in Sources */,
				191AAE305BB8CF706C4FA602 /* DebtDetailsViewController.swift in Sources */,
				20223D6A10F53233B009963F /* DebtDetailsViewModel.swift in Sources */,
				3579D895E5F397E706969E27 /* DebtRepository.swift in Sources */,
				11A181C3899B827AFD472BC6 /* DebtRepositoryProtocol.swift in Sources */,
				B12E2943D7757B746AEF4A5A /* DebtUseCase.swift in Sources */,
				26B9F1C1CD6F45778C935D6F /* MainCoordinator.swift in Sources */,
				8F24C83B2D945D5E00AB7EC0 /* CustomTabBar.swift in Sources */,
				8F24C8262D9435D200AB7EC0 /* MainViewControllerFactory.swift in Sources */,
				8F24C8242D9435D200AB7EC0 /* HomeViewController.swift in Sources */,
				4C4ACE1FDFC4630C0F50F2F6 /* MainViewController.swift in Sources */,
				EC09ED8EC5F48E94B6406CBB /* MainViewModel.swift in Sources */,
				C60BCE75DC88346466D6DA4A /* ReusableView.swift in Sources */,
				8F24C82E2D943B1000AB7EC0 /* LocalizedKey.swift in Sources */,
				8F24C83D2D945D7A00AB7EC0 /* Tab.swift in Sources */,
				E7F5906EE01851F539BA1C4F /* SceneDelegate.swift in Sources */,
				2DD034935D69C27F2F06B187 /* StorageService.swift in Sources */,
				06A0FF1355AE27CB453B950A /* UIClass+Extensions.swift in Sources */,
				800EEA184AD77CF964AFFC40 /* UIKit+Extensions.swift in Sources */,
				37376EE28A22B80F996F22A5 /* UserDefaultsManager.swift in Sources */,
			);
			runOnlyForDeploymentPostprocessing = 0;
		};
/* End PBXSourcesBuildPhase section */

/* Begin PBXVariantGroup section */
		00E66FAD34BBDCE4989462A5 /* LaunchScreen.storyboard */ = {
			isa = PBXVariantGroup;
			children = (
				57E9D19116F0B145F2963191 /* Base */,
			);
			name = LaunchScreen.storyboard;
			sourceTree = "<group>";
		};
/* End PBXVariantGroup section */

/* Begin XCBuildConfiguration section */
		127DABA5550BE03492485C4C /* Release */ = {
			isa = XCBuildConfiguration;
			buildSettings = {
				ASSETCATALOG_COMPILER_APPICON_NAME = AppIcon;
				CODE_SIGN_IDENTITY = "iPhone Developer";
				CURRENT_PROJECT_VERSION = 1;
				INFOPLIST_FILE = DebtTracker/Presentation/Common/Resources/Info.plist;
				LD_RUNPATH_SEARCH_PATHS = (
					"$(inherited)",
					"@executable_path/Frameworks",
				);
				MARKETING_VERSION = 1.0.0;
				PRODUCT_BUNDLE_IDENTIFIER = tarchenko.DebtTracker;
				SDKROOT = iphoneos;
				SWIFT_VERSION = 6.0;
				TARGETED_DEVICE_FAMILY = "1,2";
			};
			name = Release;
		};
		1D4BCABB3D9F6D6C26CB0310 /* Debug */ = {
			isa = XCBuildConfiguration;
			buildSettings = {
				ALWAYS_SEARCH_USER_PATHS = NO;
				CLANG_ANALYZER_NONNULL = YES;
				CLANG_ANALYZER_NUMBER_OBJECT_CONVERSION = YES_AGGRESSIVE;
				CLANG_CXX_LANGUAGE_STANDARD = "gnu++14";
				CLANG_CXX_LIBRARY = "libc++";
				CLANG_ENABLE_MODULES = YES;
				CLANG_ENABLE_OBJC_ARC = YES;
				CLANG_ENABLE_OBJC_WEAK = YES;
				CLANG_WARN_BLOCK_CAPTURE_AUTORELEASING = YES;
				CLANG_WARN_BOOL_CONVERSION = YES;
				CLANG_WARN_COMMA = YES;
				CLANG_WARN_CONSTANT_CONVERSION = YES;
				CLANG_WARN_DEPRECATED_OBJC_IMPLEMENTATIONS = YES;
				CLANG_WARN_DIRECT_OBJC_ISA_USAGE = YES_ERROR;
				CLANG_WARN_DOCUMENTATION_COMMENTS = YES;
				CLANG_WARN_EMPTY_BODY = YES;
				CLANG_WARN_ENUM_CONVERSION = YES;
				CLANG_WARN_INFINITE_RECURSION = YES;
				CLANG_WARN_INT_CONVERSION = YES;
				CLANG_WARN_NON_LITERAL_NULL_CONVERSION = YES;
				CLANG_WARN_OBJC_IMPLICIT_RETAIN_SELF = YES;
				CLANG_WARN_OBJC_LITERAL_CONVERSION = YES;
				CLANG_WARN_OBJC_ROOT_CLASS = YES_ERROR;
				CLANG_WARN_QUOTED_INCLUDE_IN_FRAMEWORK_HEADER = YES;
				CLANG_WARN_RANGE_LOOP_ANALYSIS = YES;
				CLANG_WARN_STRICT_PROTOTYPES = YES;
				CLANG_WARN_SUSPICIOUS_MOVE = YES;
				CLANG_WARN_UNGUARDED_AVAILABILITY = YES_AGGRESSIVE;
				CLANG_WARN_UNREACHABLE_CODE = YES;
				CLANG_WARN__DUPLICATE_METHOD_MATCH = YES;
				COPY_PHASE_STRIP = NO;
				DEBUG_INFORMATION_FORMAT = dwarf;
				ENABLE_STRICT_OBJC_MSGSEND = YES;
				ENABLE_TESTABILITY = YES;
				GCC_C_LANGUAGE_STANDARD = gnu11;
				GCC_DYNAMIC_NO_PIC = NO;
				GCC_NO_COMMON_BLOCKS = YES;
				GCC_OPTIMIZATION_LEVEL = 0;
				GCC_PREPROCESSOR_DEFINITIONS = (
					"$(inherited)",
					"DEBUG=1",
				);
				GCC_WARN_64_TO_32_BIT_CONVERSION = YES;
				GCC_WARN_ABOUT_RETURN_TYPE = YES_ERROR;
				GCC_WARN_UNDECLARED_SELECTOR = YES;
				GCC_WARN_UNINITIALIZED_AUTOS = YES_AGGRESSIVE;
				GCC_WARN_UNUSED_FUNCTION = YES;
				GCC_WARN_UNUSED_VARIABLE = YES;
				IPHONEOS_DEPLOYMENT_TARGET = 17.6;
				MTL_ENABLE_DEBUG_INFO = INCLUDE_SOURCE;
				MTL_FAST_MATH = YES;
				ONLY_ACTIVE_ARCH = YES;
				PRODUCT_NAME = "$(TARGET_NAME)";
				SDKROOT = iphoneos;
				SWIFT_ACTIVE_COMPILATION_CONDITIONS = DEBUG;
				SWIFT_EMIT_LOC_STRINGS = YES;
				SWIFT_OPTIMIZATION_LEVEL = "-Onone";
				SWIFT_VERSION = 5.0;
			};
			name = Debug;
		};
		5DB429DD6115C36DB1F96FB8 /* Release */ = {
			isa = XCBuildConfiguration;
			buildSettings = {
				ALWAYS_SEARCH_USER_PATHS = NO;
				CLANG_ANALYZER_NONNULL = YES;
				CLANG_ANALYZER_NUMBER_OBJECT_CONVERSION = YES_AGGRESSIVE;
				CLANG_CXX_LANGUAGE_STANDARD = "gnu++14";
				CLANG_CXX_LIBRARY = "libc++";
				CLANG_ENABLE_MODULES = YES;
				CLANG_ENABLE_OBJC_ARC = YES;
				CLANG_ENABLE_OBJC_WEAK = YES;
				CLANG_WARN_BLOCK_CAPTURE_AUTORELEASING = YES;
				CLANG_WARN_BOOL_CONVERSION = YES;
				CLANG_WARN_COMMA = YES;
				CLANG_WARN_CONSTANT_CONVERSION = YES;
				CLANG_WARN_DEPRECATED_OBJC_IMPLEMENTATIONS = YES;
				CLANG_WARN_DIRECT_OBJC_ISA_USAGE = YES_ERROR;
				CLANG_WARN_DOCUMENTATION_COMMENTS = YES;
				CLANG_WARN_EMPTY_BODY = YES;
				CLANG_WARN_ENUM_CONVERSION = YES;
				CLANG_WARN_INFINITE_RECURSION = YES;
				CLANG_WARN_INT_CONVERSION = YES;
				CLANG_WARN_NON_LITERAL_NULL_CONVERSION = YES;
				CLANG_WARN_OBJC_IMPLICIT_RETAIN_SELF = YES;
				CLANG_WARN_OBJC_LITERAL_CONVERSION = YES;
				CLANG_WARN_OBJC_ROOT_CLASS = YES_ERROR;
				CLANG_WARN_QUOTED_INCLUDE_IN_FRAMEWORK_HEADER = YES;
				CLANG_WARN_RANGE_LOOP_ANALYSIS = YES;
				CLANG_WARN_STRICT_PROTOTYPES = YES;
				CLANG_WARN_SUSPICIOUS_MOVE = YES;
				CLANG_WARN_UNGUARDED_AVAILABILITY = YES_AGGRESSIVE;
				CLANG_WARN_UNREACHABLE_CODE = YES;
				CLANG_WARN__DUPLICATE_METHOD_MATCH = YES;
				COPY_PHASE_STRIP = NO;
				DEBUG_INFORMATION_FORMAT = "dwarf-with-dsym";
				ENABLE_NS_ASSERTIONS = NO;
				ENABLE_STRICT_OBJC_MSGSEND = YES;
				GCC_C_LANGUAGE_STANDARD = gnu11;
				GCC_NO_COMMON_BLOCKS = YES;
				GCC_WARN_64_TO_32_BIT_CONVERSION = YES;
				GCC_WARN_ABOUT_RETURN_TYPE = YES_ERROR;
				GCC_WARN_UNDECLARED_SELECTOR = YES;
				GCC_WARN_UNINITIALIZED_AUTOS = YES_AGGRESSIVE;
				GCC_WARN_UNUSED_FUNCTION = YES;
				GCC_WARN_UNUSED_VARIABLE = YES;
				IPHONEOS_DEPLOYMENT_TARGET = 17.6;
				MTL_ENABLE_DEBUG_INFO = NO;
				MTL_FAST_MATH = YES;
				PRODUCT_NAME = "$(TARGET_NAME)";
				SDKROOT = iphoneos;
				SWIFT_COMPILATION_MODE = wholemodule;
				SWIFT_EMIT_LOC_STRINGS = YES;
				SWIFT_OPTIMIZATION_LEVEL = "-O";
				SWIFT_VERSION = 5.0;
			};
			name = Release;
		};
		B2DD349A0BC96071B9765968 /* Debug */ = {
			isa = XCBuildConfiguration;
			buildSettings = {
				ASSETCATALOG_COMPILER_APPICON_NAME = AppIcon;
				CODE_SIGN_IDENTITY = "iPhone Developer";
				CURRENT_PROJECT_VERSION = 1;
				INFOPLIST_FILE = DebtTracker/Presentation/Common/Resources/Info.plist;
				LD_RUNPATH_SEARCH_PATHS = (
					"$(inherited)",
					"@executable_path/Frameworks",
				);
				MARKETING_VERSION = 1.0.0;
				PRODUCT_BUNDLE_IDENTIFIER = tarchenko.DebtTracker;
				SDKROOT = iphoneos;
				SWIFT_VERSION = 6.0;
				TARGETED_DEVICE_FAMILY = "1,2";
			};
			name = Debug;
		};
/* End XCBuildConfiguration section */

/* Begin XCConfigurationList section */
		5ECB1FF9C13AD1AA5629A63C /* Build configuration list for PBXNativeTarget "DebtTracker" */ = {
			isa = XCConfigurationList;
			buildConfigurations = (
				B2DD349A0BC96071B9765968 /* Debug */,
				127DABA5550BE03492485C4C /* Release */,
			);
			defaultConfigurationIsVisible = 0;
			defaultConfigurationName = Debug;
		};
		F264BD93DDB441479E36B331 /* Build configuration list for PBXProject "DebtTracker" */ = {
			isa = XCConfigurationList;
			buildConfigurations = (
				1D4BCABB3D9F6D6C26CB0310 /* Debug */,
				5DB429DD6115C36DB1F96FB8 /* Release */,
			);
			defaultConfigurationIsVisible = 0;
			defaultConfigurationName = Debug;
		};
/* End XCConfigurationList section */

/* Begin XCRemoteSwiftPackageReference section */
		8B153D65F3BB2C3B2E924FFF /* XCRemoteSwiftPackageReference "SnapKit" */ = {
			isa = XCRemoteSwiftPackageReference;
			repositoryURL = "https://github.com/SnapKit/SnapKit";
			requirement = {
				kind = exactVersion;
				version = 5.7.1;
			};
		};
/* End XCRemoteSwiftPackageReference section */

/* Begin XCSwiftPackageProductDependency section */
		41EDA1306996B48A46F4E708 /* SnapKit */ = {
			isa = XCSwiftPackageProductDependency;
			package = 8B153D65F3BB2C3B2E924FFF /* XCRemoteSwiftPackageReference "SnapKit" */;
			productName = SnapKit;
		};
/* End XCSwiftPackageProductDependency section */
	};
	rootObject = 753A841B3674B4A57EDB401A /* Project object */;
}
